// !$*UTF8*$!
{
	archiveVersion = 1;
	classes = {
	};
	objectVersion = 46;
	objects = {

/* Begin PBXBuildFile section */
		9AA20BBD12561EEA21BD82C9 /* Pods.framework in Frameworks */ = {isa = PBXBuildFile; fileRef = 2C1545FC0659A3F066A8245F /* Pods.framework */; };
		D6D02DB81CC5002900B48823 /* AppDelegate.swift in Sources */ = {isa = PBXBuildFile; fileRef = D6D02DB71CC5002900B48823 /* AppDelegate.swift */; };
		D6D02DBA1CC5002900B48823 /* ViewController.swift in Sources */ = {isa = PBXBuildFile; fileRef = D6D02DB91CC5002900B48823 /* ViewController.swift */; };
		D6D02DBD1CC5002900B48823 /* Main.storyboard in Resources */ = {isa = PBXBuildFile; fileRef = D6D02DBB1CC5002900B48823 /* Main.storyboard */; };
		D6D02DBF1CC5002900B48823 /* Assets.xcassets in Resources */ = {isa = PBXBuildFile; fileRef = D6D02DBE1CC5002900B48823 /* Assets.xcassets */; };
		D6D02DC21CC5002900B48823 /* LaunchScreen.storyboard in Resources */ = {isa = PBXBuildFile; fileRef = D6D02DC01CC5002900B48823 /* LaunchScreen.storyboard */; };
		D6D02DCA1CC50F5100B48823 /* pokemon.csv in Resources */ = {isa = PBXBuildFile; fileRef = D6D02DC91CC50F5100B48823 /* pokemon.csv */; };
		D6D02DCD1CC5129C00B48823 /* Pokemon.swift in Sources */ = {isa = PBXBuildFile; fileRef = D6D02DCC1CC5129C00B48823 /* Pokemon.swift */; };
		D6D02DD01CC51D0E00B48823 /* pokeVC.swift in Sources */ = {isa = PBXBuildFile; fileRef = D6D02DCF1CC51D0D00B48823 /* pokeVC.swift */; };
		D6D02DD21CC5322F00B48823 /* csv.swift in Sources */ = {isa = PBXBuildFile; fileRef = D6D02DD11CC5322E00B48823 /* csv.swift */; };
		D6D02DD71CC53F1000B48823 /* Pokemonsolid.ttf in Resources */ = {isa = PBXBuildFile; fileRef = D6D02DD61CC53F1000B48823 /* Pokemonsolid.ttf */; };
		D6D02DD91CC56C1E00B48823 /* PokeDetailsVC.swift in Sources */ = {isa = PBXBuildFile; fileRef = D6D02DD81CC56C1E00B48823 /* PokeDetailsVC.swift */; };
/* End PBXBuildFile section */

/* Begin PBXFileReference section */
		2C1545FC0659A3F066A8245F /* Pods.framework */ = {isa = PBXFileReference; explicitFileType = wrapper.framework; includeInIndex = 0; path = Pods.framework; sourceTree = BUILT_PRODUCTS_DIR; };
		738009E77911ED2BF0490170 /* Pods.release.xcconfig */ = {isa = PBXFileReference; includeInIndex = 1; lastKnownFileType = text.xcconfig; name = Pods.release.xcconfig; path = "Pods/Target Support Files/Pods/Pods.release.xcconfig"; sourceTree = "<group>"; };
		9EBBAC9F4A3FE247754B2E83 /* Pods.debug.xcconfig */ = {isa = PBXFileReference; includeInIndex = 1; lastKnownFileType = text.xcconfig; name = Pods.debug.xcconfig; path = "Pods/Target Support Files/Pods/Pods.debug.xcconfig"; sourceTree = "<group>"; };
		D6D02DB41CC5002900B48823 /* pokdexApp.app */ = {isa = PBXFileReference; explicitFileType = wrapper.application; includeInIndex = 0; path = pokdexApp.app; sourceTree = BUILT_PRODUCTS_DIR; };
		D6D02DB71CC5002900B48823 /* AppDelegate.swift */ = {isa = PBXFileReference; lastKnownFileType = sourcecode.swift; path = AppDelegate.swift; sourceTree = "<group>"; };
		D6D02DB91CC5002900B48823 /* ViewController.swift */ = {isa = PBXFileReference; lastKnownFileType = sourcecode.swift; path = ViewController.swift; sourceTree = "<group>"; };
		D6D02DBC1CC5002900B48823 /* Base */ = {isa = PBXFileReference; lastKnownFileType = file.storyboard; name = Base; path = Base.lproj/Main.storyboard; sourceTree = "<group>"; };
		D6D02DBE1CC5002900B48823 /* Assets.xcassets */ = {isa = PBXFileReference; lastKnownFileType = folder.assetcatalog; path = Assets.xcassets; sourceTree = "<group>"; };
		D6D02DC11CC5002900B48823 /* Base */ = {isa = PBXFileReference; lastKnownFileType = file.storyboard; name = Base; path = Base.lproj/LaunchScreen.storyboard; sourceTree = "<group>"; };
		D6D02DC31CC5002900B48823 /* Info.plist */ = {isa = PBXFileReference; lastKnownFileType = text.plist.xml; path = Info.plist; sourceTree = "<group>"; };
		D6D02DC91CC50F5100B48823 /* pokemon.csv */ = {isa = PBXFileReference; fileEncoding = 4; lastKnownFileType = text; name = pokemon.csv; path = "../../pokeapi-master/data/v1/pokemon.csv"; sourceTree = "<group>"; };
		D6D02DCC1CC5129C00B48823 /* Pokemon.swift */ = {isa = PBXFileReference; fileEncoding = 4; lastKnownFileType = sourcecode.swift; path = Pokemon.swift; sourceTree = "<group>"; };
		D6D02DCF1CC51D0D00B48823 /* pokeVC.swift */ = {isa = PBXFileReference; fileEncoding = 4; lastKnownFileType = sourcecode.swift; path = pokeVC.swift; sourceTree = "<group>"; };
		D6D02DD11CC5322E00B48823 /* csv.swift */ = {isa = PBXFileReference; fileEncoding = 4; lastKnownFileType = sourcecode.swift; name = csv.swift; path = "../../../Downloads/csvswift-master/csv.swift"; sourceTree = "<group>"; };
		D6D02DD61CC53F1000B48823 /* Pokemonsolid.ttf */ = {isa = PBXFileReference; lastKnownFileType = file; name = Pokemonsolid.ttf; path = ../../../Downloads/pokemon/Pokemonsolid.ttf; sourceTree = "<group>"; };
		D6D02DD81CC56C1E00B48823 /* PokeDetailsVC.swift */ = {isa = PBXFileReference; fileEncoding = 4; lastKnownFileType = sourcecode.swift; path = PokeDetailsVC.swift; sourceTree = "<group>"; };
/* End PBXFileReference section */

/* Begin PBXFrameworksBuildPhase section */
		D6D02DB11CC5002900B48823 /* Frameworks */ = {
			isa = PBXFrameworksBuildPhase;
			buildActionMask = 2147483647;
			files = (
				9AA20BBD12561EEA21BD82C9 /* Pods.framework in Frameworks */,
			);
			runOnlyForDeploymentPostprocessing = 0;
		};
/* End PBXFrameworksBuildPhase section */

/* Begin PBXGroup section */
		4248DB8A80B9EE4D732F048C /* Pods */ = {
			isa = PBXGroup;
			children = (
				9EBBAC9F4A3FE247754B2E83 /* Pods.debug.xcconfig */,
				738009E77911ED2BF0490170 /* Pods.release.xcconfig */,
			);
			name = Pods;
			sourceTree = "<group>";
		};
		587A60857CA75773B3861351 /* Frameworks */ = {
			isa = PBXGroup;
			children = (
				2C1545FC0659A3F066A8245F /* Pods.framework */,
			);
			name = Frameworks;
			sourceTree = "<group>";
		};
		D6D02DAB1CC5002900B48823 = {
			isa = PBXGroup;
			children = (
				D6D02DB61CC5002900B48823 /* pokdexApp */,
				D6D02DB51CC5002900B48823 /* Products */,
				4248DB8A80B9EE4D732F048C /* Pods */,
				587A60857CA75773B3861351 /* Frameworks */,
			);
			sourceTree = "<group>";
		};
		D6D02DB51CC5002900B48823 /* Products */ = {
			isa = PBXGroup;
			children = (
				D6D02DB41CC5002900B48823 /* pokdexApp.app */,
			);
			name = Products;
			sourceTree = "<group>";
		};
		D6D02DB61CC5002900B48823 /* pokdexApp */ = {
			isa = PBXGroup;
			children = (
				D6D02DCB1CC5126C00B48823 /* Moudel */,
				D6D02DCE1CC51B9200B48823 /* View */,
				D6D02DD31CC5323500B48823 /* Controller */,
				D6D02DD41CC5325100B48823 /* Utl */,
				D6D02DD51CC5329A00B48823 /* Resources */,
				D6D02DBB1CC5002900B48823 /* Main.storyboard */,
				D6D02DB71CC5002900B48823 /* AppDelegate.swift */,
				D6D02DBE1CC5002900B48823 /* Assets.xcassets */,
				D6D02DC01CC5002900B48823 /* LaunchScreen.storyboard */,
				D6D02DC31CC5002900B48823 /* Info.plist */,
			);
			path = pokdexApp;
			sourceTree = "<group>";
		};
		D6D02DCB1CC5126C00B48823 /* Moudel */ = {
			isa = PBXGroup;
			children = (
				D6D02DCC1CC5129C00B48823 /* Pokemon.swift */,
			);
			name = Moudel;
			sourceTree = "<group>";
		};
		D6D02DCE1CC51B9200B48823 /* View */ = {
			isa = PBXGroup;
			children = (
				D6D02DCF1CC51D0D00B48823 /* pokeVC.swift */,
			);
			name = View;
			sourceTree = "<group>";
		};
		D6D02DD31CC5323500B48823 /* Controller */ = {
			isa = PBXGroup;
			children = (
				D6D02DB91CC5002900B48823 /* ViewController.swift */,
				D6D02DD81CC56C1E00B48823 /* PokeDetailsVC.swift */,
			);
			name = Controller;
			sourceTree = "<group>";
		};
		D6D02DD41CC5325100B48823 /* Utl */ = {
			isa = PBXGroup;
			children = (
				D6D02DD11CC5322E00B48823 /* csv.swift */,
			);
			name = Utl;
			sourceTree = "<group>";
		};
		D6D02DD51CC5329A00B48823 /* Resources */ = {
			isa = PBXGroup;
			children = (
				D6D02DD61CC53F1000B48823 /* Pokemonsolid.ttf */,
				D6D02DC91CC50F5100B48823 /* pokemon.csv */,
			);
			name = Resources;
			sourceTree = "<group>";
		};
/* End PBXGroup section */

/* Begin PBXNativeTarget section */
		D6D02DB31CC5002900B48823 /* pokdexApp */ = {
			isa = PBXNativeTarget;
			buildConfigurationList = D6D02DC61CC5002900B48823 /* Build configuration list for PBXNativeTarget "pokdexApp" */;
			buildPhases = (
				FBCAD17021BDCE97FD380A2D /* Check Pods Manifest.lock */,
				D6D02DB01CC5002900B48823 /* Sources */,
				D6D02DB11CC5002900B48823 /* Frameworks */,
				D6D02DB21CC5002900B48823 /* Resources */,
				741486C9888CDE69242CF510 /* Embed Pods Frameworks */,
				5B75BBFC7E633E1F6126456D /* Copy Pods Resources */,
			);
			buildRules = (
			);
			dependencies = (
			);
			name = pokdexApp;
			productName = pokdexApp;
			productReference = D6D02DB41CC5002900B48823 /* pokdexApp.app */;
			productType = "com.apple.product-type.application";
		};
/* End PBXNativeTarget section */

/* Begin PBXProject section */
		D6D02DAC1CC5002900B48823 /* Project object */ = {
			isa = PBXProject;
			attributes = {
				LastSwiftUpdateCheck = 0720;
				LastUpgradeCheck = 0720;
				ORGANIZATIONNAME = alone;
				TargetAttributes = {
					D6D02DB31CC5002900B48823 = {
						CreatedOnToolsVersion = 7.2;
						DevelopmentTeam = 38P89ENK2A;
					};
				};
			};
			buildConfigurationList = D6D02DAF1CC5002900B48823 /* Build configuration list for PBXProject "pokdexApp" */;
			compatibilityVersion = "Xcode 3.2";
			developmentRegion = English;
			hasScannedForEncodings = 0;
			knownRegions = (
				en,
				Base,
			);
			mainGroup = D6D02DAB1CC5002900B48823;
			productRefGroup = D6D02DB51CC5002900B48823 /* Products */;
			projectDirPath = "";
			projectRoot = "";
			targets = (
				D6D02DB31CC5002900B48823 /* pokdexApp */,
			);
		};
/* End PBXProject section */

/* Begin PBXResourcesBuildPhase section */
		D6D02DB21CC5002900B48823 /* Resources */ = {
			isa = PBXResourcesBuildPhase;
			buildActionMask = 2147483647;
			files = (
				D6D02DD71CC53F1000B48823 /* Pokemonsolid.ttf in Resources */,
				D6D02DC21CC5002900B48823 /* LaunchScreen.storyboard in Resources */,
				D6D02DBF1CC5002900B48823 /* Assets.xcassets in Resources */,
				D6D02DCA1CC50F5100B48823 /* pokemon.csv in Resources */,
				D6D02DBD1CC5002900B48823 /* Main.storyboard in Resources */,
			);
			runOnlyForDeploymentPostprocessing = 0;
		};
/* End PBXResourcesBuildPhase section */

/* Begin PBXShellScriptBuildPhase section */
		5B75BBFC7E633E1F6126456D /* Copy Pods Resources */ = {
			isa = PBXShellScriptBuildPhase;
			buildActionMask = 2147483647;
			files = (
			);
			inputPaths = (
			);
			name = "Copy Pods Resources";
			outputPaths = (
			);
			runOnlyForDeploymentPostprocessing = 0;
			shellPath = /bin/sh;
			shellScript = "\"${SRCROOT}/Pods/Target Support Files/Pods/Pods-resources.sh\"\n";
			showEnvVarsInLog = 0;
		};
		741486C9888CDE69242CF510 /* Embed Pods Frameworks */ = {
			isa = PBXShellScriptBuildPhase;
			buildActionMask = 2147483647;
			files = (
			);
			inputPaths = (
			);
			name = "Embed Pods Frameworks";
			outputPaths = (
			);
			runOnlyForDeploymentPostprocessing = 0;
			shellPath = /bin/sh;
			shellScript = "\"${SRCROOT}/Pods/Target Support Files/Pods/Pods-frameworks.sh\"\n";
			showEnvVarsInLog = 0;
		};
		FBCAD17021BDCE97FD380A2D /* Check Pods Manifest.lock */ = {
			isa = PBXShellScriptBuildPhase;
			buildActionMask = 2147483647;
			files = (
			);
			inputPaths = (
			);
			name = "Check Pods Manifest.lock";
			outputPaths = (
			);
			runOnlyForDeploymentPostprocessing = 0;
			shellPath = /bin/sh;
			shellScript = "diff \"${PODS_ROOT}/../Podfile.lock\" \"${PODS_ROOT}/Manifest.lock\" > /dev/null\nif [[ $? != 0 ]] ; then\n    cat << EOM\nerror: The sandbox is not in sync with the Podfile.lock. Run 'pod install' or update your CocoaPods installation.\nEOM\n    exit 1\nfi\n";
			showEnvVarsInLog = 0;
		};
/* End PBXShellScriptBuildPhase section */

/* Begin PBXSourcesBuildPhase section */
		D6D02DB01CC5002900B48823 /* Sources */ = {
			isa = PBXSourcesBuildPhase;
			buildActionMask = 2147483647;
			files = (
				D6D02DCD1CC5129C00B48823 /* Pokemon.swift in Sources */,
				D6D02DBA1CC5002900B48823 /* ViewController.swift in Sources */,
				D6D02DD91CC56C1E00B48823 /* PokeDetailsVC.swift in Sources */,
				D6D02DB81CC5002900B48823 /* AppDelegate.swift in Sources */,
				D6D02DD01CC51D0E00B48823 /* pokeVC.swift in Sources */,
				D6D02DD21CC5322F00B48823 /* csv.swift in Sources */,
			);
			runOnlyForDeploymentPostprocessing = 0;
		};
/* End PBXSourcesBuildPhase section */

/* Begin PBXVariantGroup section */
		D6D02DBB1CC5002900B48823 /* Main.storyboard */ = {
			isa = PBXVariantGroup;
			children = (
				D6D02DBC1CC5002900B48823 /* Base */,
			);
			name = Main.storyboard;
			sourceTree = "<group>";
		};
		D6D02DC01CC5002900B48823 /* LaunchScreen.storyboard */ = {
			isa = PBXVariantGroup;
			children = (
				D6D02DC11CC5002900B48823 /* Base */,
			);
			name = LaunchScreen.storyboard;
			sourceTree = "<group>";
		};
/* End PBXVariantGroup section */

/* Begin XCBuildConfiguration section */
		D6D02DC41CC5002900B48823 /* Debug */ = {
			isa = XCBuildConfiguration;
			buildSettings = {
				ALWAYS_SEARCH_USER_PATHS = NO;
				CLANG_CXX_LANGUAGE_STANDARD = "gnu++0x";
				CLANG_CXX_LIBRARY = "libc++";
				CLANG_ENABLE_MODULES = YES;
				CLANG_ENABLE_OBJC_ARC = YES;
				CLANG_WARN_BOOL_CONVERSION = YES;
				CLANG_WARN_CONSTANT_CONVERSION = YES;
				CLANG_WARN_DIRECT_OBJC_ISA_USAGE = YES_ERROR;
				CLANG_WARN_EMPTY_BODY = YES;
				CLANG_WARN_ENUM_CONVERSION = YES;
				CLANG_WARN_INT_CONVERSION = YES;
				CLANG_WARN_OBJC_ROOT_CLASS = YES_ERROR;
				CLANG_WARN_UNREACHABLE_CODE = YES;
				CLANG_WARN__DUPLICATE_METHOD_MATCH = YES;
				"CODE_SIGN_IDENTITY[sdk=iphoneos*]" = "iPhone Developer";
				COPY_PHASE_STRIP = NO;
				DEBUG_INFORMATION_FORMAT = dwarf;
				ENABLE_STRICT_OBJC_MSGSEND = YES;
				ENABLE_TESTABILITY = YES;
				GCC_C_LANGUAGE_STANDARD = gnu99;
				GCC_DYNAMIC_NO_PIC = NO;
				GCC_NO_COMMON_BLOCKS = YES;
				GCC_OPTIMIZATION_LEVEL = 0;
				GCC_PREPROCESSOR_DEFINITIONS = (
					"DEBUG=1",
					"$(inherited)",
				);
				GCC_WARN_64_TO_32_BIT_CONVERSION = YES;
				GCC_WARN_ABOUT_RETURN_TYPE = YES_ERROR;
				GCC_WARN_UNDECLARED_SELECTOR = YES;
				GCC_WARN_UNINITIALIZED_AUTOS = YES_AGGRESSIVE;
				GCC_WARN_UNUSED_FUNCTION = YES;
				GCC_WARN_UNUSED_VARIABLE = YES;
				IPHONEOS_DEPLOYMENT_TARGET = 9.2;
				MTL_ENABLE_DEBUG_INFO = YES;
				ONLY_ACTIVE_ARCH = YES;
				SDKROOT = iphoneos;
				SWIFT_OPTIMIZATION_LEVEL = "-Onone";
			};
			name = Debug;
		};
		D6D02DC51CC5002900B48823 /* Release */ = {
			isa = XCBuildConfiguration;
			buildSettings = {
				ALWAYS_SEARCH_USER_PATHS = NO;
				CLANG_CXX_LANGUAGE_STANDARD = "gnu++0x";
				CLANG_CXX_LIBRARY = "libc++";
				CLANG_ENABLE_MODULES = YES;
				CLANG_ENABLE_OBJC_ARC = YES;
				CLANG_WARN_BOOL_CONVERSION = YES;
				CLANG_WARN_CONSTANT_CONVERSION = YES;
				CLANG_WARN_DIRECT_OBJC_ISA_USAGE = YES_ERROR;
				CLANG_WARN_EMPTY_BODY = YES;
				CLANG_WARN_ENUM_CONVERSION = YES;
				CLANG_WARN_INT_CONVERSION = YES;
				CLANG_WARN_OBJC_ROOT_CLASS = YES_ERROR;
				CLANG_WARN_UNREACHABLE_CODE = YES;
				CLANG_WARN__DUPLICATE_METHOD_MATCH = YES;
				"CODE_SIGN_IDENTITY[sdk=iphoneos*]" = "iPhone Developer";
				COPY_PHASE_STRIP = NO;
				DEBUG_INFORMATION_FORMAT = "dwarf-with-dsym";
				ENABLE_NS_ASSERTIONS = NO;
				ENABLE_STRICT_OBJC_MSGSEND = YES;
				GCC_C_LANGUAGE_STANDARD = gnu99;
				GCC_NO_COMMON_BLOCKS = YES;
				GCC_WARN_64_TO_32_BIT_CONVERSION = YES;
				GCC_WARN_ABOUT_RETURN_TYPE = YES_ERROR;
				GCC_WARN_UNDECLARED_SELECTOR = YES;
				GCC_WARN_UNINITIALIZED_AUTOS = YES_AGGRESSIVE;
				GCC_WARN_UNUSED_FUNCTION = YES;
				GCC_WARN_UNUSED_VARIABLE = YES;
				IPHONEOS_DEPLOYMENT_TARGET = 9.2;
				MTL_ENABLE_DEBUG_INFO = NO;
				SDKROOT = iphoneos;
				VALIDATE_PRODUCT = YES;
			};
			name = Release;
		};
		D6D02DC71CC5002900B48823 /* Debug */ = {
			isa = XCBuildConfiguration;
			baseConfigurationReference = 9EBBAC9F4A3FE247754B2E83 /* Pods.debug.xcconfig */;
			buildSettings = {
				ASSETCATALOG_COMPILER_APPICON_NAME = AppIcon;
				INFOPLIST_FILE = pokdexApp/Info.plist;
				LD_RUNPATH_SEARCH_PATHS = "$(inherited) @executable_path/Frameworks";
				PRODUCT_BUNDLE_IDENTIFIER = alone.self.pokdexApp;
				PRODUCT_NAME = "$(TARGET_NAME)";
			};
			name = Debug;
		};
		D6D02DC81CC5002900B48823 /* Release */ = {
			isa = XCBuildConfiguration;
			baseConfigurationReference = 738009E77911ED2BF0490170 /* Pods.release.xcconfig */;
			buildSettings = {
				ASSETCATALOG_COMPILER_APPICON_NAME = AppIcon;
				INFOPLIST_FILE = pokdexApp/Info.plist;
				LD_RUNPATH_SEARCH_PATHS = "$(inherited) @executable_path/Frameworks";
				PRODUCT_BUNDLE_IDENTIFIER = alone.self.pokdexApp;
				PRODUCT_NAME = "$(TARGET_NAME)";
			};
			name = Release;
		};
/* End XCBuildConfiguration section */

/* Begin XCConfigurationList section */
		D6D02DAF1CC5002900B48823 /* Build configuration list for PBXProject "pokdexApp" */ = {
			isa = XCConfigurationList;
			buildConfigurations = (
				D6D02DC41CC5002900B48823 /* Debug */,
				D6D02DC51CC5002900B48823 /* Release */,
			);
			defaultConfigurationIsVisible = 0;
			defaultConfigurationName = Release;
		};
		D6D02DC61CC5002900B48823 /* Build configuration list for PBXNativeTarget "pokdexApp" */ = {
			isa = XCConfigurationList;
			buildConfigurations = (
				D6D02DC71CC5002900B48823 /* Debug */,
				D6D02DC81CC5002900B48823 /* Release */,
			);
			defaultConfigurationIsVisible = 0;
			defaultConfigurationName = Release;
		};
/* End XCConfigurationList section */
	};
	rootObject = D6D02DAC1CC5002900B48823 /* Project object */;
}
